uuid: f1591e77-4084-4611-9381-ba3fa3df70e4
langcode: es
status: true
dependencies:
  module:
    - custom_hero
active_version: 23883a44f1d46d12
versioned_properties:
  active:
    settings:
      default_settings:
        id: custom_hero_block
        label: 'Hero Banner Personalizado'
        label_display: '0'
        provider: custom_hero
    fallback_metadata:
      slot_definitions: null
label: 'Hero Banner Personalizado'
id: block.custom_hero_block
provider: custom_hero
source: block
source_local_id: custom_hero_block
